
Microsoft Visual Studio Solution File, Format Version 12.00
Project("{F2A71F9B-5D33-465A-A702-920D77279786}") = "BlackJack", "BlackJack\BlackJack.fsproj", "{66B86ABF-2BCF-41A4-A831-1421CC0D4644}"
EndProject
Project("{F2A71F9B-5D33-465A-A702-920D77279786}") = "BlackJack.Tests", "BlackJack.Tests\BlackJack.Tests.fsproj", "{2E27ED5B-84C1-4504-8B85-6B96AC2BA2EB}"
EndProject
Global
	GlobalSection(SolutionConfigurationPlatforms) = preSolution
		Debug|Any CPU = Debug|Any CPU
		Release|Any CPU = Release|Any CPU
	EndGlobalSection
	GlobalSection(ProjectConfigurationPlatforms) = postSolution
		{66B86ABF-2BCF-41A4-A831-1421CC0D4644}.Debug|Any CPU.ActiveCfg = Debug|Any CPU
		{66B86ABF-2BCF-41A4-A831-1421CC0D4644}.Debug|Any CPU.Build.0 = Debug|Any CPU
		{66B86ABF-2BCF-41A4-A831-1421CC0D4644}.Release|Any CPU.ActiveCfg = Release|Any CPU
		{66B86ABF-2BCF-41A4-A831-1421CC0D4644}.Release|Any CPU.Build.0 = Release|Any CPU
		{2E27ED5B-84C1-4504-8B85-6B96AC2BA2EB}.Debug|Any CPU.ActiveCfg = Debug|Any CPU
		{2E27ED5B-84C1-4504-8B85-6B96AC2BA2EB}.Debug|Any CPU.Build.0 = Debug|Any CPU
		{2E27ED5B-84C1-4504-8B85-6B96AC2BA2EB}.Release|Any CPU.ActiveCfg = Release|Any CPU
		{2E27ED5B-84C1-4504-8B85-6B96AC2BA2EB}.Release|Any CPU.Build.0 = Release|Any CPU
	EndGlobalSection
EndGlobal
